
Microsoft Visual Studio Solution File, Format Version 12.00
# Visual Studio 15
VisualStudioVersion = 15.0.27428.2037
MinimumVisualStudioVersion = 10.0.40219.1
Project("{8BC9CEB8-8B4A-11D0-8D11-00A0C91BC942}") = "CECS328_Programming1", "CECS328_Programming1\CECS328_Programming1.vcxproj", "{72A6AA74-7DDD-4042-903A-4EF87DFBD3B6}"
EndProject
Global
	GlobalSection(SolutionConfigurationPlatforms) = preSolution
		Debug|x64 = Debug|x64
		Debug|x86 = Debug|x86
		Release|x64 = Release|x64
		Release|x86 = Release|x86
	EndGlobalSection
	GlobalSection(ProjectConfigurationPlatforms) = postSolution
		{72A6AA74-7DDD-4042-903A-4EF87DFBD3B6}.Debug|x64.ActiveCfg = Debug|x64
		{72A6AA74-7DDD-4042-903A-4EF87DFBD3B6}.Debug|x64.Build.0 = Debug|x64
		{72A6AA74-7DDD-4042-903A-4EF87DFBD3B6}.Debug|x86.ActiveCfg = Debug|Win32
		{72A6AA74-7DDD-4042-903A-4EF87DFBD3B6}.Debug|x86.Build.0 = Debug|Win32
		{72A6AA74-7DDD-4042-903A-4EF87DFBD3B6}.Release|x64.ActiveCfg = Release|x64
		{72A6AA74-7DDD-4042-903A-4EF87DFBD3B6}.Release|x64.Build.0 = Release|x64
		{72A6AA74-7DDD-4042-903A-4EF87DFBD3B6}.Release|x86.ActiveCfg = Release|Win32
		{72A6AA74-7DDD-4042-903A-4EF87DFBD3B6}.Release|x86.Build.0 = Release|Win32
	EndGlobalSection
	GlobalSection(SolutionProperties) = preSolution
		HideSolutionNode = FALSE
	EndGlobalSection
	GlobalSection(ExtensibilityGlobals) = postSolution
		SolutionGuid = {9B4D1D7F-4065-42C2-A607-3A36D21F8B1F}
	EndGlobalSection
EndGlobal
